version = 1
revision = 3
requires-python = ">=3.10"
resolution-markers = [
    "python_full_version >= '3.13'",
    "python_full_version < '3.13'",
]

[[package]]
name = "defusedxml"
version = "0.7.1"
source = { registry = "https://pypi.org/simple" }
sdist = { url = "https://files.pythonhosted.org/packages/0f/d5/c66da9b79e5bdb124974bfe172b4daf3c984ebd9c2a06e2b8a4dc7331c72/defusedxml-0.7.1.tar.gz", hash = "sha256:1bb3032db185915b62d7c6209c5a8792be6a32ab2fedacc84e01b52c51aa3e69", size = 75520, upload-time = "2021-03-08T10:59:26.269Z" }
wheels = [
    { url = "https://files.pythonhosted.org/packages/07/6c/aa3f2f849e01cb6a001cd8554a88d4c77c5c1a31c95bdf1cf9301e6d9ef4/defusedxml-0.7.1-py2.py3-none-any.whl", hash = "sha256:a352e7e428770286cc899e2542b6cdaedb2b4953ff269a210103ec58f6198a61", size = 25604, upload-time = "2021-03-08T10:59:24.45Z" },
]

[[package]]
name = "fonttools"
version = "4.61.1"
source = { registry = "https://pypi.org/simple" }
sdist = { url = "https://files.pythonhosted.org/packages/ec/ca/cf17b88a8df95691275a3d77dc0a5ad9907f328ae53acbe6795da1b2f5ed/fonttools-4.61.1.tar.gz", hash = "sha256:6675329885c44657f826ef01d9e4fb33b9158e9d93c537d84ad8399539bc6f69", size = 3565756, upload-time = "2025-12-12T17:31:24.246Z" }
wheels = [
    { url = "https://files.pythonhosted.org/packages/5b/94/8a28707adb00bed1bf22dac16ccafe60faf2ade353dcb32c3617ee917307/fonttools-4.61.1-cp310-cp310-macosx_10_9_universal2.whl", hash = "sha256:7c7db70d57e5e1089a274cbb2b1fd635c9a24de809a231b154965d415d6c6d24", size = 2854799, upload-time = "2025-12-12T17:29:27.5Z" },
    { url = "https://files.pythonhosted.org/packages/94/93/c2e682faaa5ee92034818d8f8a8145ae73eb83619600495dcf8503fa7771/fonttools-4.61.1-cp310-cp310-macosx_10_9_x86_64.whl", hash = "sha256:5fe9fd43882620017add5eabb781ebfbc6998ee49b35bd7f8f79af1f9f99a958", size = 2403032, upload-time = "2025-12-12T17:29:30.115Z" },
    { url = "https://files.pythonhosted.org/packages/f1/62/1748f7e7e1ee41aa52279fd2e3a6d0733dc42a673b16932bad8e5d0c8b28/fonttools-4.61.1-cp310-cp310-manylinux2014_aarch64.manylinux_2_17_aarch64.manylinux_2_28_aarch64.whl", hash = "sha256:d8db08051fc9e7d8bc622f2112511b8107d8f27cd89e2f64ec45e9825e8288da", size = 4897863, upload-time = "2025-12-12T17:29:32.535Z" },
    { url = "https://files.pythonhosted.org/packages/69/69/4ca02ee367d2c98edcaeb83fc278d20972502ee071214ad9d8ca85e06080/fonttools-4.61.1-cp310-cp310-manylinux2014_x86_64.manylinux_2_17_x86_64.whl", hash = "sha256:a76d4cb80f41ba94a6691264be76435e5f72f2cb3cab0b092a6212855f71c2f6", size = 4859076, upload-time = "2025-12-12T17:29:34.907Z" },
    { url = "https://files.pythonhosted.org/packages/8c/f5/660f9e3cefa078861a7f099107c6d203b568a6227eef163dd173bfc56bdc/fonttools-4.61.1-cp310-cp310-musllinux_1_2_aarch64.whl", hash = "sha256:a13fc8aeb24bad755eea8f7f9d409438eb94e82cf86b08fe77a03fbc8f6a96b1", size = 4875623, upload-time = "2025-12-12T17:29:37.33Z" },
    { url = "https://files.pythonhosted.org/packages/63/d1/9d7c5091d2276ed47795c131c1bf9316c3c1ab2789c22e2f59e0572ccd38/fonttools-4.61.1-cp310-cp310-musllinux_1_2_x86_64.whl", hash = "sha256:b846a1fcf8beadeb9ea4f44ec5bdde393e2f1569e17d700bfc49cd69bde75881", size = 4993327, upload-time = "2025-12-12T17:29:39.781Z" },
    { url = "https://files.pythonhosted.org/packages/6f/2d/28def73837885ae32260d07660a052b99f0aa00454867d33745dfe49dbf0/fonttools-4.61.1-cp310-cp310-win32.whl", hash = "sha256:78a7d3ab09dc47ac1a363a493e6112d8cabed7ba7caad5f54dbe2f08676d1b47", size = 1502180, upload-time = "2025-12-12T17:29:42.217Z" },
    { url = "https://files.pythonhosted.org/packages/63/fa/bfdc98abb4dd2bd491033e85e3ba69a2313c850e759a6daa014bc9433b0f/fonttools-4.61.1-cp310-cp310-win_amd64.whl", hash = "sha256:eff1ac3cc66c2ac7cda1e64b4e2f3ffef474b7335f92fc3833fc632d595fcee6", size = 1550654, upload-time = "2025-12-12T17:29:44.564Z" },
    { url = "https://files.pythonhosted.org/packages/69/12/bf9f4eaa2fad039356cc627587e30ed008c03f1cebd3034376b5ee8d1d44/fonttools-4.61.1-cp311-cp311-macosx_10_9_universal2.whl", hash = "sha256:c6604b735bb12fef8e0efd5578c9fb5d3d8532d5001ea13a19cddf295673ee09", size = 2852213, upload-time = "2025-12-12T17:29:46.675Z" },
    { url = "https://files.pythonhosted.org/packages/ac/49/4138d1acb6261499bedde1c07f8c2605d1d8f9d77a151e5507fd3ef084b6/fonttools-4.61.1-cp311-cp311-macosx_10_9_x86_64.whl", hash = "sha256:5ce02f38a754f207f2f06557523cd39a06438ba3aafc0639c477ac409fc64e37", size = 2401689, upload-time = "2025-12-12T17:29:48.769Z" },
    { url = "https://files.pythonhosted.org/packages/e5/fe/e6ce0fe20a40e03aef906af60aa87668696f9e4802fa283627d0b5ed777f/fonttools-4.61.1-cp311-cp311-manylinux2014_aarch64.manylinux_2_17_aarch64.manylinux_2_28_aarch64.whl", hash = "sha256:77efb033d8d7ff233385f30c62c7c79271c8885d5c9657d967ede124671bbdfb", size = 5058809, upload-time = "2025-12-12T17:29:51.701Z" },
    { url = "https://files.pythonhosted.org/packages/79/61/1ca198af22f7dd22c17ab86e9024ed3c06299cfdb08170640e9996d501a0/fonttools-4.61.1-cp311-cp311-manylinux2014_x86_64.manylinux_2_17_x86_64.whl", hash = "sha256:75c1a6dfac6abd407634420c93864a1e274ebc1c7531346d9254c0d8f6ca00f9", size = 5036039, upload-time = "2025-12-12T17:29:53.659Z" },
    { url = "https://files.pythonhosted.org/packages/99/cc/fa1801e408586b5fce4da9f5455af8d770f4fc57391cd5da7256bb364d38/fonttools-4.61.1-cp311-cp311-musllinux_1_2_aarch64.whl", hash = "sha256:0de30bfe7745c0d1ffa2b0b7048fb7123ad0d71107e10ee090fa0b16b9452e87", size = 5034714, upload-time = "2025-12-12T17:29:55.592Z" },
    { url = "https://files.pythonhosted.org/packages/bf/aa/b7aeafe65adb1b0a925f8f25725e09f078c635bc22754f3fecb7456955b0/fonttools-4.61.1-cp311-cp311-musllinux_1_2_x86_64.whl", hash = "sha256:58b0ee0ab5b1fc9921eccfe11d1435added19d6494dde14e323f25ad2bc30c56", size = 5158648, upload-time = "2025-12-12T17:29:57.861Z" },
    { url = "https://files.pythonhosted.org/packages/99/f9/08ea7a38663328881384c6e7777bbefc46fd7d282adfd87a7d2b84ec9d50/fonttools-4.61.1-cp311-cp311-win32.whl", hash = "sha256:f79b168428351d11e10c5aeb61a74e1851ec221081299f4cf56036a95431c43a", size = 2280681, upload-time = "2025-12-12T17:29:59.943Z" },
    { url = "https://files.pythonhosted.org/packages/07/ad/37dd1ae5fa6e01612a1fbb954f0927681f282925a86e86198ccd7b15d515/fonttools-4.61.1-cp311-cp311-win_amd64.whl", hash = "sha256:fe2efccb324948a11dd09d22136fe2ac8a97d6c1347cf0b58a911dcd529f66b7", size = 2331951, upload-time = "2025-12-12T17:30:02.254Z" },
    { url = "https://files.pythonhosted.org/packages/6f/16/7decaa24a1bd3a70c607b2e29f0adc6159f36a7e40eaba59846414765fd4/fonttools-4.61.1-cp312-cp312-macosx_10_13_universal2.whl", hash = "sha256:f3cb4a569029b9f291f88aafc927dd53683757e640081ca8c412781ea144565e", size = 2851593, upload-time = "2025-12-12T17:30:04.225Z" },
    { url = "https://files.pythonhosted.org/packages/94/98/3c4cb97c64713a8cf499b3245c3bf9a2b8fd16a3e375feff2aed78f96259/fonttools-4.61.1-cp312-cp312-macosx_10_13_x86_64.whl", hash = "sha256:41a7170d042e8c0024703ed13b71893519a1a6d6e18e933e3ec7507a2c26a4b2", size = 2400231, upload-time = "2025-12-12T17:30:06.47Z" },
    { url = "https://files.pythonhosted.org/packages/b7/37/82dbef0f6342eb01f54bca073ac1498433d6ce71e50c3c3282b655733b31/fonttools-4.61.1-cp312-cp312-manylinux1_x86_64.manylinux2014_x86_64.manylinux_2_17_x86_64.manylinux_2_5_x86_64.whl", hash = "sha256:10d88e55330e092940584774ee5e8a6971b01fc2f4d3466a1d6c158230880796", size = 4954103, upload-time = "2025-12-12T17:30:08.432Z" },
    { url = "https://files.pythonhosted.org/packages/6c/44/f3aeac0fa98e7ad527f479e161aca6c3a1e47bb6996b053d45226fe37bf2/fonttools-4.61.1-cp312-cp312-manylinux2014_aarch64.manylinux_2_17_aarch64.manylinux_2_28_aarch64.whl", hash = "sha256:15acc09befd16a0fb8a8f62bc147e1a82817542d72184acca9ce6e0aeda9fa6d", size = 5004295, upload-time = "2025-12-12T17:30:10.56Z" },
    { url = "https://files.pythonhosted.org/packages/14/e8/7424ced75473983b964d09f6747fa09f054a6d656f60e9ac9324cf40c743/fonttools-4.61.1-cp312-cp312-musllinux_1_2_aarch64.whl", hash = "sha256:e6bcdf33aec38d16508ce61fd81838f24c83c90a1d1b8c68982857038673d6b8", size = 4944109, upload-time = "2025-12-12T17:30:12.874Z" },
    { url = "https://files.pythonhosted.org/packages/c8/8b/6391b257fa3d0b553d73e778f953a2f0154292a7a7a085e2374b111e5410/fonttools-4.61.1-cp312-cp312-musllinux_1_2_x86_64.whl", hash = "sha256:5fade934607a523614726119164ff621e8c30e8fa1ffffbbd358662056ba69f0", size = 5093598, upload-time = "2025-12-12T17:30:15.79Z" },
    { url = "https://files.pythonhosted.org/packages/d9/71/fd2ea96cdc512d92da5678a1c98c267ddd4d8c5130b76d0f7a80f9a9fde8/fonttools-4.61.1-cp312-cp312-win32.whl", hash = "sha256:75da8f28eff26defba42c52986de97b22106cb8f26515b7c22443ebc9c2d3261", size = 2269060, upload-time = "2025-12-12T17:30:18.058Z" },
    { url = "https://files.pythonhosted.org/packages/80/3b/a3e81b71aed5a688e89dfe0e2694b26b78c7d7f39a5ffd8a7d75f54a12a8/fonttools-4.61.1-cp312-cp312-win_amd64.whl", hash = "sha256:497c31ce314219888c0e2fce5ad9178ca83fe5230b01a5006726cdf3ac9f24d9", size = 2319078, upload-time = "2025-12-12T17:30:22.862Z" },
    { url = "https://files.pythonhosted.org/packages/4b/cf/00ba28b0990982530addb8dc3e9e6f2fa9cb5c20df2abdda7baa755e8fe1/fonttools-4.61.1-cp313-cp313-macosx_10_13_universal2.whl", hash = "sha256:8c56c488ab471628ff3bfa80964372fc13504ece601e0d97a78ee74126b2045c", size = 2846454, upload-time = "2025-12-12T17:30:24.938Z" },
    { url = "https://files.pythonhosted.org/packages/5a/ca/468c9a8446a2103ae645d14fee3f610567b7042aba85031c1c65e3ef7471/fonttools-4.61.1-cp313-cp313-macosx_10_13_x86_64.whl", hash = "sha256:dc492779501fa723b04d0ab1f5be046797fee17d27700476edc7ee9ae535a61e", size = 2398191, upload-time = "2025-12-12T17:30:27.343Z" },
    { url = "https://files.pythonhosted.org/packages/a3/4b/d67eedaed19def5967fade3297fed8161b25ba94699efc124b14fb68cdbc/fonttools-4.61.1-cp313-cp313-manylinux1_x86_64.manylinux2014_x86_64.manylinux_2_17_x86_64.manylinux_2_5_x86_64.whl", hash = "sha256:64102ca87e84261419c3747a0d20f396eb024bdbeb04c2bfb37e2891f5fadcb5", size = 4928410, upload-time = "2025-12-12T17:30:29.771Z" },
    { url = "https://files.pythonhosted.org/packages/b0/8d/6fb3494dfe61a46258cd93d979cf4725ded4eb46c2a4ca35e4490d84daea/fonttools-4.61.1-cp313-cp313-manylinux2014_aarch64.manylinux_2_17_aarch64.manylinux_2_28_aarch64.whl", hash = "sha256:4c1b526c8d3f615a7b1867f38a9410849c8f4aef078535742198e942fba0e9bd", size = 4984460, upload-time = "2025-12-12T17:30:32.073Z" },
    { url = "https://files.pythonhosted.org/packages/f7/f1/a47f1d30b3dc00d75e7af762652d4cbc3dff5c2697a0dbd5203c81afd9c3/fonttools-4.61.1-cp313-cp313-musllinux_1_2_aarch64.whl", hash = "sha256:41ed4b5ec103bd306bb68f81dc166e77409e5209443e5773cb4ed837bcc9b0d3", size = 4925800, upload-time = "2025-12-12T17:30:34.339Z" },
    { url = "https://files.pythonhosted.org/packages/a7/01/e6ae64a0981076e8a66906fab01539799546181e32a37a0257b77e4aa88b/fonttools-4.61.1-cp313-cp313-musllinux_1_2_x86_64.whl", hash = "sha256:b501c862d4901792adaec7c25b1ecc749e2662543f68bb194c42ba18d6eec98d", size = 5067859, upload-time = "2025-12-12T17:30:36.593Z" },
    { url = "https://files.pythonhosted.org/packages/73/aa/28e40b8d6809a9b5075350a86779163f074d2b617c15d22343fce81918db/fonttools-4.61.1-cp313-cp313-win32.whl", hash = "sha256:4d7092bb38c53bbc78e9255a59158b150bcdc115a1e3b3ce0b5f267dc35dd63c", size = 2267821, upload-time = "2025-12-12T17:30:38.478Z" },
    { url = "https://files.pythonhosted.org/packages/1a/59/453c06d1d83dc0951b69ef692d6b9f1846680342927df54e9a1ca91c6f90/fonttools-4.61.1-cp313-cp313-win_amd64.whl", hash = "sha256:21e7c8d76f62ab13c9472ccf74515ca5b9a761d1bde3265152a6dc58700d895b", size = 2318169, upload-time = "2025-12-12T17:30:40.951Z" },
    { url = "https://files.pythonhosted.org/packages/32/8f/4e7bf82c0cbb738d3c2206c920ca34ca74ef9dabde779030145d28665104/fonttools-4.61.1-cp314-cp314-macosx_10_15_universal2.whl", hash = "sha256:fff4f534200a04b4a36e7ae3cb74493afe807b517a09e99cb4faa89a34ed6ecd", size = 2846094, upload-time = "2025-12-12T17:30:43.511Z" },
    { url = "https://files.pythonhosted.org/packages/71/09/d44e45d0a4f3a651f23a1e9d42de43bc643cce2971b19e784cc67d823676/fonttools-4.61.1-cp314-cp314-macosx_10_15_x86_64.whl", hash = "sha256:d9203500f7c63545b4ce3799319fe4d9feb1a1b89b28d3cb5abd11b9dd64147e", size = 2396589, upload-time = "2025-12-12T17:30:45.681Z" },
    { url = "https://files.pythonhosted.org/packages/89/18/58c64cafcf8eb677a99ef593121f719e6dcbdb7d1c594ae5a10d4997ca8a/fonttools-4.61.1-cp314-cp314-manylinux1_x86_64.manylinux2014_x86_64.manylinux_2_17_x86_64.manylinux_2_5_x86_64.whl", hash = "sha256:fa646ecec9528bef693415c79a86e733c70a4965dd938e9a226b0fc64c9d2e6c", size = 4877892, upload-time = "2025-12-12T17:30:47.709Z" },
    { url = "https://files.pythonhosted.org/packages/8a/ec/9e6b38c7ba1e09eb51db849d5450f4c05b7e78481f662c3b79dbde6f3d04/fonttools-4.61.1-cp314-cp314-manylinux2014_aarch64.manylinux_2_17_aarch64.manylinux_2_28_aarch64.whl", hash = "sha256:11f35ad7805edba3aac1a3710d104592df59f4b957e30108ae0ba6c10b11dd75", size = 4972884, upload-time = "2025-12-12T17:30:49.656Z" },
    { url = "https://files.pythonhosted.org/packages/5e/87/b5339da8e0256734ba0dbbf5b6cdebb1dd79b01dc8c270989b7bcd465541/fonttools-4.61.1-cp314-cp314-musllinux_1_2_aarch64.whl", hash = "sha256:b931ae8f62db78861b0ff1ac017851764602288575d65b8e8ff1963fed419063", size = 4924405, upload-time = "2025-12-12T17:30:51.735Z" },
    { url = "https://files.pythonhosted.org/packages/0b/47/e3409f1e1e69c073a3a6fd8cb886eb18c0bae0ee13db2c8d5e7f8495e8b7/fonttools-4.61.1-cp314-cp314-musllinux_1_2_x86_64.whl", hash = "sha256:b148b56f5de675ee16d45e769e69f87623a4944f7443850bf9a9376e628a89d2", size = 5035553, upload-time = "2025-12-12T17:30:54.823Z" },
    { url = "https://files.pythonhosted.org/packages/bf/b6/1f6600161b1073a984294c6c031e1a56ebf95b6164249eecf30012bb2e38/fonttools-4.61.1-cp314-cp314-win32.whl", hash = "sha256:9b666a475a65f4e839d3d10473fad6d47e0a9db14a2f4a224029c5bfde58ad2c", size = 2271915, upload-time = "2025-12-12T17:30:57.913Z" },
    { url = "https://files.pythonhosted.org/packages/52/7b/91e7b01e37cc8eb0e1f770d08305b3655e4f002fc160fb82b3390eabacf5/fonttools-4.61.1-cp314-cp314-win_amd64.whl", hash = "sha256:4f5686e1fe5fce75d82d93c47a438a25bf0d1319d2843a926f741140b2b16e0c", size = 2323487, upload-time = "2025-12-12T17:30:59.804Z" },
    { url = "https://files.pythonhosted.org/packages/39/5c/908ad78e46c61c3e3ed70c3b58ff82ab48437faf84ec84f109592cabbd9f/fonttools-4.61.1-cp314-cp314t-macosx_10_15_universal2.whl", hash = "sha256:e76ce097e3c57c4bcb67c5aa24a0ecdbd9f74ea9219997a707a4061fbe2707aa", size = 2929571, upload-time = "2025-12-12T17:31:02.574Z" },
    { url = "https://files.pythonhosted.org/packages/bd/41/975804132c6dea64cdbfbaa59f3518a21c137a10cccf962805b301ac6ab2/fonttools-4.61.1-cp314-cp314t-macosx_10_15_x86_64.whl", hash = "sha256:9cfef3ab326780c04d6646f68d4b4742aae222e8b8ea1d627c74e38afcbc9d91", size = 2435317, upload-time = "2025-12-12T17:31:04.974Z" },
    { url = "https://files.pythonhosted.org/packages/b0/5a/aef2a0a8daf1ebaae4cfd83f84186d4a72ee08fd6a8451289fcd03ffa8a4/fonttools-4.61.1-cp314-cp314t-manylinux1_x86_64.manylinux2014_x86_64.manylinux_2_17_x86_64.manylinux_2_5_x86_64.whl", hash = "sha256:a75c301f96db737e1c5ed5fd7d77d9c34466de16095a266509e13da09751bd19", size = 4882124, upload-time = "2025-12-12T17:31:07.456Z" },
    { url = "https://files.pythonhosted.org/packages/80/33/d6db3485b645b81cea538c9d1c9219d5805f0877fda18777add4671c5240/fonttools-4.61.1-cp314-cp314t-manylinux2014_aarch64.manylinux_2_17_aarch64.manylinux_2_28_aarch64.whl", hash = "sha256:91669ccac46bbc1d09e9273546181919064e8df73488ea087dcac3e2968df9ba", size = 5100391, upload-time = "2025-12-12T17:31:09.732Z" },
    { url = "https://files.pythonhosted.org/packages/6c/d6/675ba631454043c75fcf76f0ca5463eac8eb0666ea1d7badae5fea001155/fonttools-4.61.1-cp314-cp314t-musllinux_1_2_aarch64.whl", hash = "sha256:c33ab3ca9d3ccd581d58e989d67554e42d8d4ded94ab3ade3508455fe70e65f7", size = 4978800, upload-time = "2025-12-12T17:31:11.681Z" },
    { url = "https://files.pythonhosted.org/packages/7f/33/d3ec753d547a8d2bdaedd390d4a814e8d5b45a093d558f025c6b990b554c/fonttools-4.61.1-cp314-cp314t-musllinux_1_2_x86_64.whl", hash = "sha256:664c5a68ec406f6b1547946683008576ef8b38275608e1cee6c061828171c118", size = 5006426, upload-time = "2025-12-12T17:31:13.764Z" },
    { url = "https://files.pythonhosted.org/packages/b4/40/cc11f378b561a67bea850ab50063366a0d1dd3f6d0a30ce0f874b0ad5664/fonttools-4.61.1-cp314-cp314t-win32.whl", hash = "sha256:aed04cabe26f30c1647ef0e8fbb207516fd40fe9472e9439695f5c6998e60ac5", size = 2335377, upload-time = "2025-12-12T17:31:16.49Z" },
    { url = "https://files.pythonhosted.org/packages/e4/ff/c9a2b66b39f8628531ea58b320d66d951267c98c6a38684daa8f50fb02f8/fonttools-4.61.1-cp314-cp314t-win_amd64.whl", hash = "sha256:2180f14c141d2f0f3da43f3a81bc8aa4684860f6b0e6f9e165a4831f24e6a23b", size = 2400613, upload-time = "2025-12-12T17:31:18.769Z" },
    { url = "https://files.pythonhosted.org/packages/c7/4e/ce75a57ff3aebf6fc1f4e9d508b8e5810618a33d900ad6c19eb30b290b97/fonttools-4.61.1-py3-none-any.whl", hash = "sha256:17d2bf5d541add43822bcf0c43d7d847b160c9bb01d15d5007d84e2217aaa371", size = 1148996, upload-time = "2025-12-12T17:31:21.03Z" },
]

[[package]]
name = "fpdf2"
version = "2.8.5"
source = { registry = "https://pypi.org/simple" }
dependencies = [
    { name = "defusedxml" },
    { name = "fonttools" },
    { name = "pillow" },
]
sdist = { url = "https://files.pythonhosted.org/packages/e9/c0/784b130a28f4ed612e9aff26d1118e1f91005713dcd0a35e60b54d316b56/fpdf2-2.8.5.tar.gz", hash = "sha256:af4491ef2e0a5fe476f9d61362925658949c995f7e804438c0e81008f1550247", size = 336046, upload-time = "2025-10-29T14:17:59.569Z" }
wheels = [
    { url = "https://files.pythonhosted.org/packages/35/a7/8532d8fffe6d1c388ad4941d678dd0da4d8da80434f2dbf4f35de0fa8029/fpdf2-2.8.5-py3-none-any.whl", hash = "sha256:2356b94e2a5fcbd1fe53ac5cbb83494e9003308860ab180050255ba50961d913", size = 301627, upload-time = "2025-10-29T14:17:57.685Z" },
]

[[package]]
name = "pillow"
version = "12.0.0"
source = { registry = "https://pypi.org/simple" }
sdist = { url = "https://files.pythonhosted.org/packages/5a/b0/cace85a1b0c9775a9f8f5d5423c8261c858760e2466c79b2dd184638b056/pillow-12.0.0.tar.gz", hash = "sha256:87d4f8125c9988bfbed67af47dd7a953e2fc7b0cc1e7800ec6d2080d490bb353", size = 47008828, upload-time = "2025-10-15T18:24:14.008Z" }
wheels = [
    { url = "https://files.pythonhosted.org/packages/5d/08/26e68b6b5da219c2a2cb7b563af008b53bb8e6b6fcb3fa40715fcdb2523a/pillow-12.0.0-cp310-cp310-macosx_10_10_x86_64.whl", hash = "sha256:3adfb466bbc544b926d50fe8f4a4e6abd8c6bffd28a26177594e6e9b2b76572b", size = 5289809, upload-time = "2025-10-15T18:21:27.791Z" },
    { url = "https://files.pythonhosted.org/packages/cb/e9/4e58fb097fb74c7b4758a680aacd558810a417d1edaa7000142976ef9d2f/pillow-12.0.0-cp310-cp310-macosx_11_0_arm64.whl", hash = "sha256:1ac11e8ea4f611c3c0147424eae514028b5e9077dd99ab91e1bd7bc33ff145e1", size = 4650606, upload-time = "2025-10-15T18:21:29.823Z" },
    { url = "https://files.pythonhosted.org/packages/4b/e0/1fa492aa9f77b3bc6d471c468e62bfea1823056bf7e5e4f1914d7ab2565e/pillow-12.0.0-cp310-cp310-manylinux2014_aarch64.manylinux_2_17_aarch64.whl", hash = "sha256:d49e2314c373f4c2b39446fb1a45ed333c850e09d0c59ac79b72eb3b95397363", size = 6221023, upload-time = "2025-10-15T18:21:31.415Z" },
    { url = "https://files.pythonhosted.org/packages/c1/09/4de7cd03e33734ccd0c876f0251401f1314e819cbfd89a0fcb6e77927cc6/pillow-12.0.0-cp310-cp310-manylinux2014_x86_64.manylinux_2_17_x86_64.whl", hash = "sha256:c7b2a63fd6d5246349f3d3f37b14430d73ee7e8173154461785e43036ffa96ca", size = 8024937, upload-time = "2025-10-15T18:21:33.453Z" },
    { url = "https://files.pythonhosted.org/packages/2e/69/0688e7c1390666592876d9d474f5e135abb4acb39dcb583c4dc5490f1aff/pillow-12.0.0-cp310-cp310-manylinux_2_27_aarch64.manylinux_2_28_aarch64.whl", hash = "sha256:d64317d2587c70324b79861babb9c09f71fbb780bad212018874b2c013d8600e", size = 6334139, upload-time = "2025-10-15T18:21:35.395Z" },
    { url = "https://files.pythonhosted.org/packages/ed/1c/880921e98f525b9b44ce747ad1ea8f73fd7e992bafe3ca5e5644bf433dea/pillow-12.0.0-cp310-cp310-manylinux_2_27_x86_64.manylinux_2_28_x86_64.whl", hash = "sha256:d77153e14b709fd8b8af6f66a3afbb9ed6e9fc5ccf0b6b7e1ced7b036a228782", size = 7026074, upload-time = "2025-10-15T18:21:37.219Z" },
    { url = "https://files.pythonhosted.org/packages/28/03/96f718331b19b355610ef4ebdbbde3557c726513030665071fd025745671/pillow-12.0.0-cp310-cp310-musllinux_1_2_aarch64.whl", hash = "sha256:32ed80ea8a90ee3e6fa08c21e2e091bba6eda8eccc83dbc34c95169507a91f10", size = 6448852, upload-time = "2025-10-15T18:21:39.168Z" },
    { url = "https://files.pythonhosted.org/packages/3a/a0/6a193b3f0cc9437b122978d2c5cbce59510ccf9a5b48825096ed7472da2f/pillow-12.0.0-cp310-cp310-musllinux_1_2_x86_64.whl", hash = "sha256:c828a1ae702fc712978bda0320ba1b9893d99be0badf2647f693cc01cf0f04fa", size = 7117058, upload-time = "2025-10-15T18:21:40.997Z" },
    { url = "https://files.pythonhosted.org/packages/a7/c4/043192375eaa4463254e8e61f0e2ec9a846b983929a8d0a7122e0a6d6fff/pillow-12.0.0-cp310-cp310-win32.whl", hash = "sha256:bd87e140e45399c818fac4247880b9ce719e4783d767e030a883a970be632275", size = 6295431, upload-time = "2025-10-15T18:21:42.518Z" },
    { url = "https://files.pythonhosted.org/packages/92/c6/c2f2fc7e56301c21827e689bb8b0b465f1b52878b57471a070678c0c33cd/pillow-12.0.0-cp310-cp310-win_amd64.whl", hash = "sha256:455247ac8a4cfb7b9bc45b7e432d10421aea9fc2e74d285ba4072688a74c2e9d", size = 7000412, upload-time = "2025-10-15T18:21:44.404Z" },
    { url = "https://files.pythonhosted.org/packages/b2/d2/5f675067ba82da7a1c238a73b32e3fd78d67f9d9f80fbadd33a40b9c0481/pillow-12.0.0-cp310-cp310-win_arm64.whl", hash = "sha256:6ace95230bfb7cd79ef66caa064bbe2f2a1e63d93471c3a2e1f1348d9f22d6b7", size = 2435903, upload-time = "2025-10-15T18:21:46.29Z" },
    { url = "https://files.pythonhosted.org/packages/0e/5a/a2f6773b64edb921a756eb0729068acad9fc5208a53f4a349396e9436721/pillow-12.0.0-cp311-cp311-macosx_10_10_x86_64.whl", hash = "sha256:0fd00cac9c03256c8b2ff58f162ebcd2587ad3e1f2e397eab718c47e24d231cc", size = 5289798, upload-time = "2025-10-15T18:21:47.763Z" },
    { url = "https://files.pythonhosted.org/packages/2e/05/069b1f8a2e4b5a37493da6c5868531c3f77b85e716ad7a590ef87d58730d/pillow-12.0.0-cp311-cp311-macosx_11_0_arm64.whl", hash = "sha256:a3475b96f5908b3b16c47533daaa87380c491357d197564e0ba34ae75c0f3257", size = 4650589, upload-time = "2025-10-15T18:21:49.515Z" },
    { url = "https://files.pythonhosted.org/packages/61/e3/2c820d6e9a36432503ead175ae294f96861b07600a7156154a086ba7111a/pillow-12.0.0-cp311-cp311-manylinux2014_aarch64.manylinux_2_17_aarch64.whl", hash = "sha256:110486b79f2d112cf6add83b28b627e369219388f64ef2f960fef9ebaf54c642", size = 6230472, upload-time = "2025-10-15T18:21:51.052Z" },
    { url = "https://files.pythonhosted.org/packages/4f/89/63427f51c64209c5e23d4d52071c8d0f21024d3a8a487737caaf614a5795/pillow-12.0.0-cp311-cp311-manylinux2014_x86_64.manylinux_2_17_x86_64.whl", hash = "sha256:5269cc1caeedb67e6f7269a42014f381f45e2e7cd42d834ede3c703a1d915fe3", size = 8033887, upload-time = "2025-10-15T18:21:52.604Z" },
    { url = "https://files.pythonhosted.org/packages/f6/1b/c9711318d4901093c15840f268ad649459cd81984c9ec9887756cca049a5/pillow-12.0.0-cp311-cp311-manylinux_2_27_aarch64.manylinux_2_28_aarch64.whl", hash = "sha256:aa5129de4e174daccbc59d0a3b6d20eaf24417d59851c07ebb37aeb02947987c", size = 6343964, upload-time = "2025-10-15T18:21:54.619Z" },
    { url = "https://files.pythonhosted.org/packages/41/1e/db9470f2d030b4995083044cd8738cdd1bf773106819f6d8ba12597d5352/pillow-12.0.0-cp311-cp311-manylinux_2_27_x86_64.manylinux_2_28_x86_64.whl", hash = "sha256:bee2a6db3a7242ea309aa7ee8e2780726fed67ff4e5b40169f2c940e7eb09227", size = 7034756, upload-time = "2025-10-15T18:21:56.151Z" },
    { url = "https://files.pythonhosted.org/packages/cc/b0/6177a8bdd5ee4ed87cba2de5a3cc1db55ffbbec6176784ce5bb75aa96798/pillow-12.0.0-cp311-cp311-musllinux_1_2_aarch64.whl", hash = "sha256:90387104ee8400a7b4598253b4c406f8958f59fcf983a6cea2b50d59f7d63d0b", size = 6458075, upload-time = "2025-10-15T18:21:57.759Z" },
    { url = "https://files.pythonhosted.org/packages/bc/5e/61537aa6fa977922c6a03253a0e727e6e4a72381a80d63ad8eec350684f2/pillow-12.0.0-cp311-cp311-musllinux_1_2_x86_64.whl", hash = "sha256:bc91a56697869546d1b8f0a3ff35224557ae7f881050e99f615e0119bf934b4e", size = 7125955, upload-time = "2025-10-15T18:21:59.372Z" },
    { url = "https://files.pythonhosted.org/packages/1f/3d/d5033539344ee3cbd9a4d69e12e63ca3a44a739eb2d4c8da350a3d38edd7/pillow-12.0.0-cp311-cp311-win32.whl", hash = "sha256:27f95b12453d165099c84f8a8bfdfd46b9e4bda9e0e4b65f0635430027f55739", size = 6298440, upload-time = "2025-10-15T18:22:00.982Z" },
    { url = "https://files.pythonhosted.org/packages/4d/42/aaca386de5cc8bd8a0254516957c1f265e3521c91515b16e286c662854c4/pillow-12.0.0-cp311-cp311-win_amd64.whl", hash = "sha256:b583dc9070312190192631373c6c8ed277254aa6e6084b74bdd0a6d3b221608e", size = 6999256, upload-time = "2025-10-15T18:22:02.617Z" },
    { url = "https://files.pythonhosted.org/packages/ba/f1/9197c9c2d5708b785f631a6dfbfa8eb3fb9672837cb92ae9af812c13b4ed/pillow-12.0.0-cp311-cp311-win_arm64.whl", hash = "sha256:759de84a33be3b178a64c8ba28ad5c135900359e85fb662bc6e403ad4407791d", size = 2436025, upload-time = "2025-10-15T18:22:04.598Z" },
    { url = "https://files.pythonhosted.org/packages/2c/90/4fcce2c22caf044e660a198d740e7fbc14395619e3cb1abad12192c0826c/pillow-12.0.0-cp312-cp312-macosx_10_13_x86_64.whl", hash = "sha256:53561a4ddc36facb432fae7a9d8afbfaf94795414f5cdc5fc52f28c1dca90371", size = 5249377, upload-time = "2025-10-15T18:22:05.993Z" },
    { url = "https://files.pythonhosted.org/packages/fd/e0/ed960067543d080691d47d6938ebccbf3976a931c9567ab2fbfab983a5dd/pillow-12.0.0-cp312-cp312-macosx_11_0_arm64.whl", hash = "sha256:71db6b4c1653045dacc1585c1b0d184004f0d7e694c7b34ac165ca70c0838082", size = 4650343, upload-time = "2025-10-15T18:22:07.718Z" },
    { url = "https://files.pythonhosted.org/packages/e7/a1/f81fdeddcb99c044bf7d6faa47e12850f13cee0849537a7d27eeab5534d4/pillow-12.0.0-cp312-cp312-manylinux2014_aarch64.manylinux_2_17_aarch64.whl", hash = "sha256:2fa5f0b6716fc88f11380b88b31fe591a06c6315e955c096c35715788b339e3f", size = 6232981, upload-time = "2025-10-15T18:22:09.287Z" },
    { url = "https://files.pythonhosted.org/packages/88/e1/9098d3ce341a8750b55b0e00c03f1630d6178f38ac191c81c97a3b047b44/pillow-12.0.0-cp312-cp312-manylinux2014_x86_64.manylinux_2_17_x86_64.whl", hash = "sha256:82240051c6ca513c616f7f9da06e871f61bfd7805f566275841af15015b8f98d", size = 8041399, upload-time = "2025-10-15T18:22:10.872Z" },
    { url = "https://files.pythonhosted.org/packages/a7/62/a22e8d3b602ae8cc01446d0c57a54e982737f44b6f2e1e019a925143771d/pillow-12.0.0-cp312-cp312-manylinux_2_27_aarch64.manylinux_2_28_aarch64.whl", hash = "sha256:55f818bd74fe2f11d4d7cbc65880a843c4075e0ac7226bc1a23261dbea531953", size = 6347740, upload-time = "2025-10-15T18:22:12.769Z" },
    { url = "https://files.pythonhosted.org/packages/4f/87/424511bdcd02c8d7acf9f65caa09f291a519b16bd83c3fb3374b3d4ae951/pillow-12.0.0-cp312-cp312-manylinux_2_27_x86_64.manylinux_2_28_x86_64.whl", hash = "sha256:b87843e225e74576437fd5b6a4c2205d422754f84a06942cfaf1dc32243e45a8", size = 7040201, upload-time = "2025-10-15T18:22:14.813Z" },
    { url = "https://files.pythonhosted.org/packages/dc/4d/435c8ac688c54d11755aedfdd9f29c9eeddf68d150fe42d1d3dbd2365149/pillow-12.0.0-cp312-cp312-musllinux_1_2_aarch64.whl", hash = "sha256:c607c90ba67533e1b2355b821fef6764d1dd2cbe26b8c1005ae84f7aea25ff79", size = 6462334, upload-time = "2025-10-15T18:22:16.375Z" },
    { url = "https://files.pythonhosted.org/packages/2b/f2/ad34167a8059a59b8ad10bc5c72d4d9b35acc6b7c0877af8ac885b5f2044/pillow-12.0.0-cp312-cp312-musllinux_1_2_x86_64.whl", hash = "sha256:21f241bdd5080a15bc86d3466a9f6074a9c2c2b314100dd896ac81ee6db2f1ba", size = 7134162, upload-time = "2025-10-15T18:22:17.996Z" },
    { url = "https://files.pythonhosted.org/packages/0c/b1/a7391df6adacf0a5c2cf6ac1cf1fcc1369e7d439d28f637a847f8803beb3/pillow-12.0.0-cp312-cp312-win32.whl", hash = "sha256:dd333073e0cacdc3089525c7df7d39b211bcdf31fc2824e49d01c6b6187b07d0", size = 6298769, upload-time = "2025-10-15T18:22:19.923Z" },
    { url = "https://files.pythonhosted.org/packages/a2/0b/d87733741526541c909bbf159e338dcace4f982daac6e5a8d6be225ca32d/pillow-12.0.0-cp312-cp312-win_amd64.whl", hash = "sha256:9fe611163f6303d1619bbcb653540a4d60f9e55e622d60a3108be0d5b441017a", size = 7001107, upload-time = "2025-10-15T18:22:21.644Z" },
    { url = "https://files.pythonhosted.org/packages/bc/96/aaa61ce33cc98421fb6088af2a03be4157b1e7e0e87087c888e2370a7f45/pillow-12.0.0-cp312-cp312-win_arm64.whl", hash = "sha256:7dfb439562f234f7d57b1ac6bc8fe7f838a4bd49c79230e0f6a1da93e82f1fad", size = 2436012, upload-time = "2025-10-15T18:22:23.621Z" },
    { url = "https://files.pythonhosted.org/packages/62/f2/de993bb2d21b33a98d031ecf6a978e4b61da207bef02f7b43093774c480d/pillow-12.0.0-cp313-cp313-ios_13_0_arm64_iphoneos.whl", hash = "sha256:0869154a2d0546545cde61d1789a6524319fc1897d9ee31218eae7a60ccc5643", size = 4045493, upload-time = "2025-10-15T18:22:25.758Z" },
    { url = "https://files.pythonhosted.org/packages/0e/b6/bc8d0c4c9f6f111a783d045310945deb769b806d7574764234ffd50bc5ea/pillow-12.0.0-cp313-cp313-ios_13_0_arm64_iphonesimulator.whl", hash = "sha256:a7921c5a6d31b3d756ec980f2f47c0cfdbce0fc48c22a39347a895f41f4a6ea4", size = 4120461, upload-time = "2025-10-15T18:22:27.286Z" },
    { url = "https://files.pythonhosted.org/packages/5d/57/d60d343709366a353dc56adb4ee1e7d8a2cc34e3fbc22905f4167cfec119/pillow-12.0.0-cp313-cp313-ios_13_0_x86_64_iphonesimulator.whl", hash = "sha256:1ee80a59f6ce048ae13cda1abf7fbd2a34ab9ee7d401c46be3ca685d1999a399", size = 3576912, upload-time = "2025-10-15T18:22:28.751Z" },
    { url = "https://files.pythonhosted.org/packages/a4/a4/a0a31467e3f83b94d37568294b01d22b43ae3c5d85f2811769b9c66389dd/pillow-12.0.0-cp313-cp313-macosx_10_13_x86_64.whl", hash = "sha256:c50f36a62a22d350c96e49ad02d0da41dbd17ddc2e29750dbdba4323f85eb4a5", size = 5249132, upload-time = "2025-10-15T18:22:30.641Z" },
    { url = "https://files.pythonhosted.org/packages/83/06/48eab21dd561de2914242711434c0c0eb992ed08ff3f6107a5f44527f5e9/pillow-12.0.0-cp313-cp313-macosx_11_0_arm64.whl", hash = "sha256:5193fde9a5f23c331ea26d0cf171fbf67e3f247585f50c08b3e205c7aeb4589b", size = 4650099, upload-time = "2025-10-15T18:22:32.73Z" },
    { url = "https://files.pythonhosted.org/packages/fc/bd/69ed99fd46a8dba7c1887156d3572fe4484e3f031405fcc5a92e31c04035/pillow-12.0.0-cp313-cp313-manylinux2014_aarch64.manylinux_2_17_aarch64.whl", hash = "sha256:bde737cff1a975b70652b62d626f7785e0480918dece11e8fef3c0cf057351c3", size = 6230808, upload-time = "2025-10-15T18:22:34.337Z" },
    { url = "https://files.pythonhosted.org/packages/ea/94/8fad659bcdbf86ed70099cb60ae40be6acca434bbc8c4c0d4ef356d7e0de/pillow-12.0.0-cp313-cp313-manylinux2014_x86_64.manylinux_2_17_x86_64.whl", hash = "sha256:a6597ff2b61d121172f5844b53f21467f7082f5fb385a9a29c01414463f93b07", size = 8037804, upload-time = "2025-10-15T18:22:36.402Z" },
    { url = "https://files.pythonhosted.org/packages/20/39/c685d05c06deecfd4e2d1950e9a908aa2ca8bc4e6c3b12d93b9cafbd7837/pillow-12.0.0-cp313-cp313-manylinux_2_27_aarch64.manylinux_2_28_aarch64.whl", hash = "sha256:0b817e7035ea7f6b942c13aa03bb554fc44fea70838ea21f8eb31c638326584e", size = 6345553, upload-time = "2025-10-15T18:22:38.066Z" },
    { url = "https://files.pythonhosted.org/packages/38/57/755dbd06530a27a5ed74f8cb0a7a44a21722ebf318edbe67ddbd7fb28f88/pillow-12.0.0-cp313-cp313-manylinux_2_27_x86_64.manylinux_2_28_x86_64.whl", hash = "sha256:f4f1231b7dec408e8670264ce63e9c71409d9583dd21d32c163e25213ee2a344", size = 7037729, upload-time = "2025-10-15T18:22:39.769Z" },
    { url = "https://files.pythonhosted.org/packages/ca/b6/7e94f4c41d238615674d06ed677c14883103dce1c52e4af16f000338cfd7/pillow-12.0.0-cp313-cp313-musllinux_1_2_aarch64.whl", hash = "sha256:6e51b71417049ad6ab14c49608b4a24d8fb3fe605e5dfabfe523b58064dc3d27", size = 6459789, upload-time = "2025-10-15T18:22:41.437Z" },
    { url = "https://files.pythonhosted.org/packages/9c/14/4448bb0b5e0f22dd865290536d20ec8a23b64e2d04280b89139f09a36bb6/pillow-12.0.0-cp313-cp313-musllinux_1_2_x86_64.whl", hash = "sha256:d120c38a42c234dc9a8c5de7ceaaf899cf33561956acb4941653f8bdc657aa79", size = 7130917, upload-time = "2025-10-15T18:22:43.152Z" },
    { url = "https://files.pythonhosted.org/packages/dd/ca/16c6926cc1c015845745d5c16c9358e24282f1e588237a4c36d2b30f182f/pillow-12.0.0-cp313-cp313-win32.whl", hash = "sha256:4cc6b3b2efff105c6a1656cfe59da4fdde2cda9af1c5e0b58529b24525d0a098", size = 6302391, upload-time = "2025-10-15T18:22:44.753Z" },
    { url = "https://files.pythonhosted.org/packages/6d/2a/dd43dcfd6dae9b6a49ee28a8eedb98c7d5ff2de94a5d834565164667b97b/pillow-12.0.0-cp313-cp313-win_amd64.whl", hash = "sha256:4cf7fed4b4580601c4345ceb5d4cbf5a980d030fd5ad07c4d2ec589f95f09905", size = 7007477, upload-time = "2025-10-15T18:22:46.838Z" },
    { url = "https://files.pythonhosted.org/packages/77/f0/72ea067f4b5ae5ead653053212af05ce3705807906ba3f3e8f58ddf617e6/pillow-12.0.0-cp313-cp313-win_arm64.whl", hash = "sha256:9f0b04c6b8584c2c193babcccc908b38ed29524b29dd464bc8801bf10d746a3a", size = 2435918, upload-time = "2025-10-15T18:22:48.399Z" },
    { url = "https://files.pythonhosted.org/packages/f5/5e/9046b423735c21f0487ea6cb5b10f89ea8f8dfbe32576fe052b5ba9d4e5b/pillow-12.0.0-cp313-cp313t-macosx_10_13_x86_64.whl", hash = "sha256:7fa22993bac7b77b78cae22bad1e2a987ddf0d9015c63358032f84a53f23cdc3", size = 5251406, upload-time = "2025-10-15T18:22:49.905Z" },
    { url = "https://files.pythonhosted.org/packages/12/66/982ceebcdb13c97270ef7a56c3969635b4ee7cd45227fa707c94719229c5/pillow-12.0.0-cp313-cp313t-macosx_11_0_arm64.whl", hash = "sha256:f135c702ac42262573fe9714dfe99c944b4ba307af5eb507abef1667e2cbbced", size = 4653218, upload-time = "2025-10-15T18:22:51.587Z" },
    { url = "https://files.pythonhosted.org/packages/16/b3/81e625524688c31859450119bf12674619429cab3119eec0e30a7a1029cb/pillow-12.0.0-cp313-cp313t-manylinux2014_aarch64.manylinux_2_17_aarch64.whl", hash = "sha256:c85de1136429c524e55cfa4e033b4a7940ac5c8ee4d9401cc2d1bf48154bbc7b", size = 6266564, upload-time = "2025-10-15T18:22:53.215Z" },
    { url = "https://files.pythonhosted.org/packages/98/59/dfb38f2a41240d2408096e1a76c671d0a105a4a8471b1871c6902719450c/pillow-12.0.0-cp313-cp313t-manylinux2014_x86_64.manylinux_2_17_x86_64.whl", hash = "sha256:38df9b4bfd3db902c9c2bd369bcacaf9d935b2fff73709429d95cc41554f7b3d", size = 8069260, upload-time = "2025-10-15T18:22:54.933Z" },
    { url = "https://files.pythonhosted.org/packages/dc/3d/378dbea5cd1874b94c312425ca77b0f47776c78e0df2df751b820c8c1d6c/pillow-12.0.0-cp313-cp313t-manylinux_2_27_aarch64.manylinux_2_28_aarch64.whl", hash = "sha256:7d87ef5795da03d742bf49439f9ca4d027cde49c82c5371ba52464aee266699a", size = 6379248, upload-time = "2025-10-15T18:22:56.605Z" },
    { url = "https://files.pythonhosted.org/packages/84/b0/d525ef47d71590f1621510327acec75ae58c721dc071b17d8d652ca494d8/pillow-12.0.0-cp313-cp313t-manylinux_2_27_x86_64.manylinux_2_28_x86_64.whl", hash = "sha256:aff9e4d82d082ff9513bdd6acd4f5bd359f5b2c870907d2b0a9c5e10d40c88fe", size = 7066043, upload-time = "2025-10-15T18:22:58.53Z" },
    { url = "https://files.pythonhosted.org/packages/61/2c/aced60e9cf9d0cde341d54bf7932c9ffc33ddb4a1595798b3a5150c7ec4e/pillow-12.0.0-cp313-cp313t-musllinux_1_2_aarch64.whl", hash = "sha256:8d8ca2b210ada074d57fcee40c30446c9562e542fc46aedc19baf758a93532ee", size = 6490915, upload-time = "2025-10-15T18:23:00.582Z" },
    { url = "https://files.pythonhosted.org/packages/ef/26/69dcb9b91f4e59f8f34b2332a4a0a951b44f547c4ed39d3e4dcfcff48f89/pillow-12.0.0-cp313-cp313t-musllinux_1_2_x86_64.whl", hash = "sha256:99a7f72fb6249302aa62245680754862a44179b545ded638cf1fef59befb57ef", size = 7157998, upload-time = "2025-10-15T18:23:02.627Z" },
    { url = "https://files.pythonhosted.org/packages/61/2b/726235842220ca95fa441ddf55dd2382b52ab5b8d9c0596fe6b3f23dafe8/pillow-12.0.0-cp313-cp313t-win32.whl", hash = "sha256:4078242472387600b2ce8d93ade8899c12bf33fa89e55ec89fe126e9d6d5d9e9", size = 6306201, upload-time = "2025-10-15T18:23:04.709Z" },
    { url = "https://files.pythonhosted.org/packages/c0/3d/2afaf4e840b2df71344ababf2f8edd75a705ce500e5dc1e7227808312ae1/pillow-12.0.0-cp313-cp313t-win_amd64.whl", hash = "sha256:2c54c1a783d6d60595d3514f0efe9b37c8808746a66920315bfd34a938d7994b", size = 7013165, upload-time = "2025-10-15T18:23:06.46Z" },
    { url = "https://files.pythonhosted.org/packages/6f/75/3fa09aa5cf6ed04bee3fa575798ddf1ce0bace8edb47249c798077a81f7f/pillow-12.0.0-cp313-cp313t-win_arm64.whl", hash = "sha256:26d9f7d2b604cd23aba3e9faf795787456ac25634d82cd060556998e39c6fa47", size = 2437834, upload-time = "2025-10-15T18:23:08.194Z" },
    { url = "https://files.pythonhosted.org/packages/54/2a/9a8c6ba2c2c07b71bec92cf63e03370ca5e5f5c5b119b742bcc0cde3f9c5/pillow-12.0.0-cp314-cp314-ios_13_0_arm64_iphoneos.whl", hash = "sha256:beeae3f27f62308f1ddbcfb0690bf44b10732f2ef43758f169d5e9303165d3f9", size = 4045531, upload-time = "2025-10-15T18:23:10.121Z" },
    { url = "https://files.pythonhosted.org/packages/84/54/836fdbf1bfb3d66a59f0189ff0b9f5f666cee09c6188309300df04ad71fa/pillow-12.0.0-cp314-cp314-ios_13_0_arm64_iphonesimulator.whl", hash = "sha256:d4827615da15cd59784ce39d3388275ec093ae3ee8d7f0c089b76fa87af756c2", size = 4120554, upload-time = "2025-10-15T18:23:12.14Z" },
    { url = "https://files.pythonhosted.org/packages/0d/cd/16aec9f0da4793e98e6b54778a5fbce4f375c6646fe662e80600b8797379/pillow-12.0.0-cp314-cp314-ios_13_0_x86_64_iphonesimulator.whl", hash = "sha256:3e42edad50b6909089750e65c91aa09aaf1e0a71310d383f11321b27c224ed8a", size = 3576812, upload-time = "2025-10-15T18:23:13.962Z" },
    { url = "https://files.pythonhosted.org/packages/f6/b7/13957fda356dc46339298b351cae0d327704986337c3c69bb54628c88155/pillow-12.0.0-cp314-cp314-macosx_10_15_x86_64.whl", hash = "sha256:e5d8efac84c9afcb40914ab49ba063d94f5dbdf5066db4482c66a992f47a3a3b", size = 5252689, upload-time = "2025-10-15T18:23:15.562Z" },
    { url = "https://files.pythonhosted.org/packages/fc/f5/eae31a306341d8f331f43edb2e9122c7661b975433de5e447939ae61c5da/pillow-12.0.0-cp314-cp314-macosx_11_0_arm64.whl", hash = "sha256:266cd5f2b63ff316d5a1bba46268e603c9caf5606d44f38c2873c380950576ad", size = 4650186, upload-time = "2025-10-15T18:23:17.379Z" },
    { url = "https://files.pythonhosted.org/packages/86/62/2a88339aa40c4c77e79108facbd307d6091e2c0eb5b8d3cf4977cfca2fe6/pillow-12.0.0-cp314-cp314-manylinux2014_aarch64.manylinux_2_17_aarch64.whl", hash = "sha256:58eea5ebe51504057dd95c5b77d21700b77615ab0243d8152793dc00eb4faf01", size = 6230308, upload-time = "2025-10-15T18:23:18.971Z" },
    { url = "https://files.pythonhosted.org/packages/c7/33/5425a8992bcb32d1cb9fa3dd39a89e613d09a22f2c8083b7bf43c455f760/pillow-12.0.0-cp314-cp314-manylinux2014_x86_64.manylinux_2_17_x86_64.whl", hash = "sha256:f13711b1a5ba512d647a0e4ba79280d3a9a045aaf7e0cc6fbe96b91d4cdf6b0c", size = 8039222, upload-time = "2025-10-15T18:23:20.909Z" },
    { url = "https://files.pythonhosted.org/packages/d8/61/3f5d3b35c5728f37953d3eec5b5f3e77111949523bd2dd7f31a851e50690/pillow-12.0.0-cp314-cp314-manylinux_2_27_aarch64.manylinux_2_28_aarch64.whl", hash = "sha256:6846bd2d116ff42cba6b646edf5bf61d37e5cbd256425fa089fee4ff5c07a99e", size = 6346657, upload-time = "2025-10-15T18:23:23.077Z" },
    { url = "https://files.pythonhosted.org/packages/3a/be/ee90a3d79271227e0f0a33c453531efd6ed14b2e708596ba5dd9be948da3/pillow-12.0.0-cp314-cp314-manylinux_2_27_x86_64.manylinux_2_28_x86_64.whl", hash = "sha256:c98fa880d695de164b4135a52fd2e9cd7b7c90a9d8ac5e9e443a24a95ef9248e", size = 7038482, upload-time = "2025-10-15T18:23:25.005Z" },
    { url = "https://files.pythonhosted.org/packages/44/34/a16b6a4d1ad727de390e9bd9f19f5f669e079e5826ec0f329010ddea492f/pillow-12.0.0-cp314-cp314-musllinux_1_2_aarch64.whl", hash = "sha256:fa3ed2a29a9e9d2d488b4da81dcb54720ac3104a20bf0bd273f1e4648aff5af9", size = 6461416, upload-time = "2025-10-15T18:23:27.009Z" },
    { url = "https://files.pythonhosted.org/packages/b6/39/1aa5850d2ade7d7ba9f54e4e4c17077244ff7a2d9e25998c38a29749eb3f/pillow-12.0.0-cp314-cp314-musllinux_1_2_x86_64.whl", hash = "sha256:d034140032870024e6b9892c692fe2968493790dd57208b2c37e3fb35f6df3ab", size = 7131584, upload-time = "2025-10-15T18:23:29.752Z" },
    { url = "https://files.pythonhosted.org/packages/bf/db/4fae862f8fad0167073a7733973bfa955f47e2cac3dc3e3e6257d10fab4a/pillow-12.0.0-cp314-cp314-win32.whl", hash = "sha256:1b1b133e6e16105f524a8dec491e0586d072948ce15c9b914e41cdadd209052b", size = 6400621, upload-time = "2025-10-15T18:23:32.06Z" },
    { url = "https://files.pythonhosted.org/packages/2b/24/b350c31543fb0107ab2599464d7e28e6f856027aadda995022e695313d94/pillow-12.0.0-cp314-cp314-win_amd64.whl", hash = "sha256:8dc232e39d409036af549c86f24aed8273a40ffa459981146829a324e0848b4b", size = 7142916, upload-time = "2025-10-15T18:23:34.71Z" },
    { url = "https://files.pythonhosted.org/packages/0f/9b/0ba5a6fd9351793996ef7487c4fdbde8d3f5f75dbedc093bb598648fddf0/pillow-12.0.0-cp314-cp314-win_arm64.whl", hash = "sha256:d52610d51e265a51518692045e372a4c363056130d922a7351429ac9f27e70b0", size = 2523836, upload-time = "2025-10-15T18:23:36.967Z" },
    { url = "https://files.pythonhosted.org/packages/f5/7a/ceee0840aebc579af529b523d530840338ecf63992395842e54edc805987/pillow-12.0.0-cp314-cp314t-macosx_10_15_x86_64.whl", hash = "sha256:1979f4566bb96c1e50a62d9831e2ea2d1211761e5662afc545fa766f996632f6", size = 5255092, upload-time = "2025-10-15T18:23:38.573Z" },
    { url = "https://files.pythonhosted.org/packages/44/76/20776057b4bfd1aef4eeca992ebde0f53a4dce874f3ae693d0ec90a4f79b/pillow-12.0.0-cp314-cp314t-macosx_11_0_arm64.whl", hash = "sha256:b2e4b27a6e15b04832fe9bf292b94b5ca156016bbc1ea9c2c20098a0320d6cf6", size = 4653158, upload-time = "2025-10-15T18:23:40.238Z" },
    { url = "https://files.pythonhosted.org/packages/82/3f/d9ff92ace07be8836b4e7e87e6a4c7a8318d47c2f1463ffcf121fc57d9cb/pillow-12.0.0-cp314-cp314t-manylinux2014_aarch64.manylinux_2_17_aarch64.whl", hash = "sha256:fb3096c30df99fd01c7bf8e544f392103d0795b9f98ba71a8054bcbf56b255f1", size = 6267882, upload-time = "2025-10-15T18:23:42.434Z" },
    { url = "https://files.pythonhosted.org/packages/9f/7a/4f7ff87f00d3ad33ba21af78bfcd2f032107710baf8280e3722ceec28cda/pillow-12.0.0-cp314-cp314t-manylinux2014_x86_64.manylinux_2_17_x86_64.whl", hash = "sha256:7438839e9e053ef79f7112c881cef684013855016f928b168b81ed5835f3e75e", size = 8071001, upload-time = "2025-10-15T18:23:44.29Z" },
    { url = "https://files.pythonhosted.org/packages/75/87/fcea108944a52dad8cca0715ae6247e271eb80459364a98518f1e4f480c1/pillow-12.0.0-cp314-cp314t-manylinux_2_27_aarch64.manylinux_2_28_aarch64.whl", hash = "sha256:5d5c411a8eaa2299322b647cd932586b1427367fd3184ffbb8f7a219ea2041ca", size = 6380146, upload-time = "2025-10-15T18:23:46.065Z" },
    { url = "https://files.pythonhosted.org/packages/91/52/0d31b5e571ef5fd111d2978b84603fce26aba1b6092f28e941cb46570745/pillow-12.0.0-cp314-cp314t-manylinux_2_27_x86_64.manylinux_2_28_x86_64.whl", hash = "sha256:d7e091d464ac59d2c7ad8e7e08105eaf9dafbc3883fd7265ffccc2baad6ac925", size = 7067344, upload-time = "2025-10-15T18:23:47.898Z" },
    { url = "https://files.pythonhosted.org/packages/7b/f4/2dd3d721f875f928d48e83bb30a434dee75a2531bca839bb996bb0aa5a91/pillow-12.0.0-cp314-cp314t-musllinux_1_2_aarch64.whl", hash = "sha256:792a2c0be4dcc18af9d4a2dfd8a11a17d5e25274a1062b0ec1c2d79c76f3e7f8", size = 6491864, upload-time = "2025-10-15T18:23:49.607Z" },
    { url = "https://files.pythonhosted.org/packages/30/4b/667dfcf3d61fc309ba5a15b141845cece5915e39b99c1ceab0f34bf1d124/pillow-12.0.0-cp314-cp314t-musllinux_1_2_x86_64.whl", hash = "sha256:afbefa430092f71a9593a99ab6a4e7538bc9eabbf7bf94f91510d3503943edc4", size = 7158911, upload-time = "2025-10-15T18:23:51.351Z" },
    { url = "https://files.pythonhosted.org/packages/a2/2f/16cabcc6426c32218ace36bf0d55955e813f2958afddbf1d391849fee9d1/pillow-12.0.0-cp314-cp314t-win32.whl", hash = "sha256:3830c769decf88f1289680a59d4f4c46c72573446352e2befec9a8512104fa52", size = 6408045, upload-time = "2025-10-15T18:23:53.177Z" },
    { url = "https://files.pythonhosted.org/packages/35/73/e29aa0c9c666cf787628d3f0dcf379f4791fba79f4936d02f8b37165bdf8/pillow-12.0.0-cp314-cp314t-win_amd64.whl", hash = "sha256:905b0365b210c73afb0ebe9101a32572152dfd1c144c7e28968a331b9217b94a", size = 7148282, upload-time = "2025-10-15T18:23:55.316Z" },
    { url = "https://files.pythonhosted.org/packages/c1/70/6b41bdcddf541b437bbb9f47f94d2db5d9ddef6c37ccab8c9107743748a4/pillow-12.0.0-cp314-cp314t-win_arm64.whl", hash = "sha256:99353a06902c2e43b43e8ff74ee65a7d90307d82370604746738a1e0661ccca7", size = 2525630, upload-time = "2025-10-15T18:23:57.149Z" },
    { url = "https://files.pythonhosted.org/packages/1d/b3/582327e6c9f86d037b63beebe981425d6811104cb443e8193824ef1a2f27/pillow-12.0.0-pp311-pypy311_pp73-macosx_10_15_x86_64.whl", hash = "sha256:b22bd8c974942477156be55a768f7aa37c46904c175be4e158b6a86e3a6b7ca8", size = 5215068, upload-time = "2025-10-15T18:23:59.594Z" },
    { url = "https://files.pythonhosted.org/packages/fd/d6/67748211d119f3b6540baf90f92fae73ae51d5217b171b0e8b5f7e5d558f/pillow-12.0.0-pp311-pypy311_pp73-macosx_11_0_arm64.whl", hash = "sha256:805ebf596939e48dbb2e4922a1d3852cfc25c38160751ce02da93058b48d252a", size = 4614994, upload-time = "2025-10-15T18:24:01.669Z" },
    { url = "https://files.pythonhosted.org/packages/2d/e1/f8281e5d844c41872b273b9f2c34a4bf64ca08905668c8ae730eedc7c9fa/pillow-12.0.0-pp311-pypy311_pp73-manylinux2014_aarch64.manylinux_2_17_aarch64.whl", hash = "sha256:cae81479f77420d217def5f54b5b9d279804d17e982e0f2fa19b1d1e14ab5197", size = 5246639, upload-time = "2025-10-15T18:24:03.403Z" },
    { url = "https://files.pythonhosted.org/packages/94/5a/0d8ab8ffe8a102ff5df60d0de5af309015163bf710c7bb3e8311dd3b3ad0/pillow-12.0.0-pp311-pypy311_pp73-manylinux2014_x86_64.manylinux_2_17_x86_64.whl", hash = "sha256:aeaefa96c768fc66818730b952a862235d68825c178f1b3ffd4efd7ad2edcb7c", size = 6986839, upload-time = "2025-10-15T18:24:05.344Z" },
    { url = "https://files.pythonhosted.org/packages/20/2e/3434380e8110b76cd9eb00a363c484b050f949b4bbe84ba770bb8508a02c/pillow-12.0.0-pp311-pypy311_pp73-manylinux_2_27_aarch64.manylinux_2_28_aarch64.whl", hash = "sha256:09f2d0abef9e4e2f349305a4f8cc784a8a6c2f58a8c4892eea13b10a943bd26e", size = 5313505, upload-time = "2025-10-15T18:24:07.137Z" },
    { url = "https://files.pythonhosted.org/packages/57/ca/5a9d38900d9d74785141d6580950fe705de68af735ff6e727cb911b64740/pillow-12.0.0-pp311-pypy311_pp73-manylinux_2_27_x86_64.manylinux_2_28_x86_64.whl", hash = "sha256:bdee52571a343d721fb2eb3b090a82d959ff37fc631e3f70422e0c2e029f3e76", size = 5963654, upload-time = "2025-10-15T18:24:09.579Z" },
    { url = "https://files.pythonhosted.org/packages/95/7e/f896623c3c635a90537ac093c6a618ebe1a90d87206e42309cb5d98a1b9e/pillow-12.0.0-pp311-pypy311_pp73-win_amd64.whl", hash = "sha256:b290fd8aa38422444d4b50d579de197557f182ef1068b75f5aa8558638b8d0a5", size = 6997850, upload-time = "2025-10-15T18:24:11.495Z" },
]

[[package]]
name = "sicb-itinerary"
version = "0.1.0"
source = { editable = "." }

[package.optional-dependencies]
pdf = [
    { name = "fpdf2" },
]

[package.metadata]
requires-dist = [{ name = "fpdf2", marker = "extra == 'pdf'" }]
provides-extras = ["pdf"]
